
Microsoft Visual Studio Solution File, Format Version 12.00
# Visual Studio Version 17
VisualStudioVersion = 17.4.33213.308
MinimumVisualStudioVersion = 10.0.40219.1
Project("{FAE04EC0-301F-11D3-BF4B-00C04F79EFBC}") = "FIT-TRACK2", "FIT-TRACK2\FIT-TRACK2.csproj", "{9B4F753F-3F0C-4815-9499-0D0468D90432}"
EndProject
Global
	GlobalSection(SolutionConfigurationPlatforms) = preSolution
		Debug|Any CPU = Debug|Any CPU
		Release|Any CPU = Release|Any CPU
	EndGlobalSection
	GlobalSection(ProjectConfigurationPlatforms) = postSolution
		{9B4F753F-3F0C-4815-9499-0D0468D90432}.Debug|Any CPU.ActiveCfg = Debug|Any CPU
		{9B4F753F-3F0C-4815-9499-0D0468D90432}.Debug|Any CPU.Build.0 = Debug|Any CPU
		{9B4F753F-3F0C-4815-9499-0D0468D90432}.Release|Any CPU.ActiveCfg = Release|Any CPU
		{9B4F753F-3F0C-4815-9499-0D0468D90432}.Release|Any CPU.Build.0 = Release|Any CPU
	EndGlobalSection
	GlobalSection(SolutionProperties) = preSolution
		HideSolutionNode = FALSE
	EndGlobalSection
	GlobalSection(ExtensibilityGlobals) = postSolution
		SolutionGuid = {BDC496CD-E2BA-4A87-9F89-499346F48F98}
	EndGlobalSection
EndGlobal
